// !$*UTF8*$!
{
	archiveVersion = 1;
	classes = {
	};
	objectVersion = 56;
	objects = {

/* Begin PBXBuildFile section */
		CA48F5002A7FCFC300DCD896 /* SafeAreaBootcamp.swift in Sources */ = {isa = PBXBuildFile; fileRef = CA48F4FF2A7FCFC300DCD896 /* SafeAreaBootcamp.swift */; };
		CA48F5022A7FD80100DCD896 /* ButtonsBootcamp.swift in Sources */ = {isa = PBXBuildFile; fileRef = CA48F5012A7FD80100DCD896 /* ButtonsBootcamp.swift */; };
		CA6EC8702959747E0016CF0A /* GridBootcamp.swift in Sources */ = {isa = PBXBuildFile; fileRef = CA6EC86F2959747E0016CF0A /* GridBootcamp.swift */; };
		CAA6ECAB29521DBB002AE753 /* ScrollViewBootcamp.swift in Sources */ = {isa = PBXBuildFile; fileRef = CAA6ECAA29521DBB002AE753 /* ScrollViewBootcamp.swift */; };
		CAB532BC29460136006F3AE4 /* SwiftUIBootcampApp.swift in Sources */ = {isa = PBXBuildFile; fileRef = CAB532BB29460136006F3AE4 /* SwiftUIBootcampApp.swift */; };
		CAB532BE29460136006F3AE4 /* ContentView.swift in Sources */ = {isa = PBXBuildFile; fileRef = CAB532BD29460136006F3AE4 /* ContentView.swift */; };
		CAB532C029460137006F3AE4 /* Assets.xcassets in Resources */ = {isa = PBXBuildFile; fileRef = CAB532BF29460137006F3AE4 /* Assets.xcassets */; };
		CAB532C329460137006F3AE4 /* Preview Assets.xcassets in Resources */ = {isa = PBXBuildFile; fileRef = CAB532C229460137006F3AE4 /* Preview Assets.xcassets */; };
		CAB532CA29460151006F3AE4 /* TextBootcamp.swift in Sources */ = {isa = PBXBuildFile; fileRef = CAB532C929460151006F3AE4 /* TextBootcamp.swift */; };
		CAB532CC29460176006F3AE4 /* ShapeBootcamp.swift in Sources */ = {isa = PBXBuildFile; fileRef = CAB532CB29460176006F3AE4 /* ShapeBootcamp.swift */; };
		CAC55429294636EE006CC533 /* ColorsBootcamp.swift in Sources */ = {isa = PBXBuildFile; fileRef = CAC55428294636EE006CC533 /* ColorsBootcamp.swift */; };
		CAC5542B29463BE7006CC533 /* GradientBootcamp.swift in Sources */ = {isa = PBXBuildFile; fileRef = CAC5542A29463BE7006CC533 /* GradientBootcamp.swift */; };
		CAC5542D2946493B006CC533 /* IconBootcamp.swift in Sources */ = {isa = PBXBuildFile; fileRef = CAC5542C2946493B006CC533 /* IconBootcamp.swift */; };
		CAC5542F29464C9E006CC533 /* ImageBootcamp.swift in Sources */ = {isa = PBXBuildFile; fileRef = CAC5542E29464C9E006CC533 /* ImageBootcamp.swift */; };
		CAC5543129465097006CC533 /* FrameBootcamp.swift in Sources */ = {isa = PBXBuildFile; fileRef = CAC5543029465097006CC533 /* FrameBootcamp.swift */; };
		CAC959D9294F46530026DA09 /* BackgroundAndOverlay.swift in Sources */ = {isa = PBXBuildFile; fileRef = CAC959D8294F46530026DA09 /* BackgroundAndOverlay.swift */; };
		CAC959DB294F4C5B0026DA09 /* StacksBootcamp.swift in Sources */ = {isa = PBXBuildFile; fileRef = CAC959DA294F4C5B0026DA09 /* StacksBootcamp.swift */; };
		CAC959DD294F51DD0026DA09 /* PaddingBootcamp.swift in Sources */ = {isa = PBXBuildFile; fileRef = CAC959DC294F51DD0026DA09 /* PaddingBootcamp.swift */; };
		CAC959DF294F55960026DA09 /* SpacerBootcamp.swift in Sources */ = {isa = PBXBuildFile; fileRef = CAC959DE294F55960026DA09 /* SpacerBootcamp.swift */; };
		CAC959E1294F68BE0026DA09 /* InitilizeBootcamp.swift in Sources */ = {isa = PBXBuildFile; fileRef = CAC959E0294F68BE0026DA09 /* InitilizeBootcamp.swift */; };
		CAC959E3294F88890026DA09 /* ForEachBootcamp.swift in Sources */ = {isa = PBXBuildFile; fileRef = CAC959E2294F88890026DA09 /* ForEachBootcamp.swift */; };
		CAF791422A7FDE42001FD09C /* StateBootcamp.swift in Sources */ = {isa = PBXBuildFile; fileRef = CAF791412A7FDE42001FD09C /* StateBootcamp.swift */; };
		CAF791442A7FE36E001FD09C /* ExtractedFunctionBootcamp.swift in Sources */ = {isa = PBXBuildFile; fileRef = CAF791432A7FE36E001FD09C /* ExtractedFunctionBootcamp.swift */; };
		CAF791462A7FE826001FD09C /* ExtractSubViewBootcamp.swift in Sources */ = {isa = PBXBuildFile; fileRef = CAF791452A7FE826001FD09C /* ExtractSubViewBootcamp.swift */; };
/* End PBXBuildFile section */

/* Begin PBXFileReference section */
		CA48F4FF2A7FCFC300DCD896 /* SafeAreaBootcamp.swift */ = {isa = PBXFileReference; lastKnownFileType = sourcecode.swift; path = SafeAreaBootcamp.swift; sourceTree = "<group>"; };
		CA48F5012A7FD80100DCD896 /* ButtonsBootcamp.swift */ = {isa = PBXFileReference; lastKnownFileType = sourcecode.swift; path = ButtonsBootcamp.swift; sourceTree = "<group>"; };
		CA6EC86F2959747E0016CF0A /* GridBootcamp.swift */ = {isa = PBXFileReference; lastKnownFileType = sourcecode.swift; path = GridBootcamp.swift; sourceTree = "<group>"; };
		CAA6ECAA29521DBB002AE753 /* ScrollViewBootcamp.swift */ = {isa = PBXFileReference; lastKnownFileType = sourcecode.swift; path = ScrollViewBootcamp.swift; sourceTree = "<group>"; };
		CAB532B829460136006F3AE4 /* SwiftUIBootcamp.app */ = {isa = PBXFileReference; explicitFileType = wrapper.application; includeInIndex = 0; path = SwiftUIBootcamp.app; sourceTree = BUILT_PRODUCTS_DIR; };
		CAB532BB29460136006F3AE4 /* SwiftUIBootcampApp.swift */ = {isa = PBXFileReference; lastKnownFileType = sourcecode.swift; path = SwiftUIBootcampApp.swift; sourceTree = "<group>"; };
		CAB532BD29460136006F3AE4 /* ContentView.swift */ = {isa = PBXFileReference; lastKnownFileType = sourcecode.swift; path = ContentView.swift; sourceTree = "<group>"; };
		CAB532BF29460137006F3AE4 /* Assets.xcassets */ = {isa = PBXFileReference; lastKnownFileType = folder.assetcatalog; path = Assets.xcassets; sourceTree = "<group>"; };
		CAB532C229460137006F3AE4 /* Preview Assets.xcassets */ = {isa = PBXFileReference; lastKnownFileType = folder.assetcatalog; path = "Preview Assets.xcassets"; sourceTree = "<group>"; };
		CAB532C929460151006F3AE4 /* TextBootcamp.swift */ = {isa = PBXFileReference; lastKnownFileType = sourcecode.swift; path = TextBootcamp.swift; sourceTree = "<group>"; };
		CAB532CB29460176006F3AE4 /* ShapeBootcamp.swift */ = {isa = PBXFileReference; lastKnownFileType = sourcecode.swift; path = ShapeBootcamp.swift; sourceTree = "<group>"; };
		CAC55428294636EE006CC533 /* ColorsBootcamp.swift */ = {isa = PBXFileReference; lastKnownFileType = sourcecode.swift; path = ColorsBootcamp.swift; sourceTree = "<group>"; };
		CAC5542A29463BE7006CC533 /* GradientBootcamp.swift */ = {isa = PBXFileReference; lastKnownFileType = sourcecode.swift; path = GradientBootcamp.swift; sourceTree = "<group>"; };
		CAC5542C2946493B006CC533 /* IconBootcamp.swift */ = {isa = PBXFileReference; lastKnownFileType = sourcecode.swift; path = IconBootcamp.swift; sourceTree = "<group>"; };
		CAC5542E29464C9E006CC533 /* ImageBootcamp.swift */ = {isa = PBXFileReference; lastKnownFileType = sourcecode.swift; path = ImageBootcamp.swift; sourceTree = "<group>"; };
		CAC5543029465097006CC533 /* FrameBootcamp.swift */ = {isa = PBXFileReference; lastKnownFileType = sourcecode.swift; path = FrameBootcamp.swift; sourceTree = "<group>"; };
		CAC959D8294F46530026DA09 /* BackgroundAndOverlay.swift */ = {isa = PBXFileReference; lastKnownFileType = sourcecode.swift; path = BackgroundAndOverlay.swift; sourceTree = "<group>"; };
		CAC959DA294F4C5B0026DA09 /* StacksBootcamp.swift */ = {isa = PBXFileReference; lastKnownFileType = sourcecode.swift; path = StacksBootcamp.swift; sourceTree = "<group>"; };
		CAC959DC294F51DD0026DA09 /* PaddingBootcamp.swift */ = {isa = PBXFileReference; lastKnownFileType = sourcecode.swift; path = PaddingBootcamp.swift; sourceTree = "<group>"; };
		CAC959DE294F55960026DA09 /* SpacerBootcamp.swift */ = {isa = PBXFileReference; lastKnownFileType = sourcecode.swift; path = SpacerBootcamp.swift; sourceTree = "<group>"; };
		CAC959E0294F68BE0026DA09 /* InitilizeBootcamp.swift */ = {isa = PBXFileReference; lastKnownFileType = sourcecode.swift; path = InitilizeBootcamp.swift; sourceTree = "<group>"; };
		CAC959E2294F88890026DA09 /* ForEachBootcamp.swift */ = {isa = PBXFileReference; lastKnownFileType = sourcecode.swift; path = ForEachBootcamp.swift; sourceTree = "<group>"; };
		CAF791412A7FDE42001FD09C /* StateBootcamp.swift */ = {isa = PBXFileReference; lastKnownFileType = sourcecode.swift; path = StateBootcamp.swift; sourceTree = "<group>"; };
		CAF791432A7FE36E001FD09C /* ExtractedFunctionBootcamp.swift */ = {isa = PBXFileReference; lastKnownFileType = sourcecode.swift; path = ExtractedFunctionBootcamp.swift; sourceTree = "<group>"; };
		CAF791452A7FE826001FD09C /* ExtractSubViewBootcamp.swift */ = {isa = PBXFileReference; lastKnownFileType = sourcecode.swift; path = ExtractSubViewBootcamp.swift; sourceTree = "<group>"; };
/* End PBXFileReference section */

/* Begin PBXFrameworksBuildPhase section */
		CAB532B529460136006F3AE4 /* Frameworks */ = {
			isa = PBXFrameworksBuildPhase;
			buildActionMask = 2147483647;
			files = (
			);
			runOnlyForDeploymentPostprocessing = 0;
		};
/* End PBXFrameworksBuildPhase section */

/* Begin PBXGroup section */
		CAB532AF29460136006F3AE4 = {
			isa = PBXGroup;
			children = (
				CAB532BA29460136006F3AE4 /* SwiftUIBootcamp */,
				CAB532B929460136006F3AE4 /* Products */,
			);
			sourceTree = "<group>";
		};
		CAB532B929460136006F3AE4 /* Products */ = {
			isa = PBXGroup;
			children = (
				CAB532B829460136006F3AE4 /* SwiftUIBootcamp.app */,
			);
			name = Products;
			sourceTree = "<group>";
		};
		CAB532BA29460136006F3AE4 /* SwiftUIBootcamp */ = {
			isa = PBXGroup;
			children = (
				CAB532BB29460136006F3AE4 /* SwiftUIBootcampApp.swift */,
				CAB532BD29460136006F3AE4 /* ContentView.swift */,
				CAB532C929460151006F3AE4 /* TextBootcamp.swift */,
				CAB532CB29460176006F3AE4 /* ShapeBootcamp.swift */,
				CAC55428294636EE006CC533 /* ColorsBootcamp.swift */,
				CAC5542A29463BE7006CC533 /* GradientBootcamp.swift */,
				CAC5542C2946493B006CC533 /* IconBootcamp.swift */,
				CAC5542E29464C9E006CC533 /* ImageBootcamp.swift */,
				CAC5543029465097006CC533 /* FrameBootcamp.swift */,
				CAC959D8294F46530026DA09 /* BackgroundAndOverlay.swift */,
				CAC959DA294F4C5B0026DA09 /* StacksBootcamp.swift */,
				CAC959DC294F51DD0026DA09 /* PaddingBootcamp.swift */,
				CAC959DE294F55960026DA09 /* SpacerBootcamp.swift */,
				CAC959E0294F68BE0026DA09 /* InitilizeBootcamp.swift */,
				CAC959E2294F88890026DA09 /* ForEachBootcamp.swift */,
				CAA6ECAA29521DBB002AE753 /* ScrollViewBootcamp.swift */,
				CA6EC86F2959747E0016CF0A /* GridBootcamp.swift */,
				CA48F4FF2A7FCFC300DCD896 /* SafeAreaBootcamp.swift */,
				CA48F5012A7FD80100DCD896 /* ButtonsBootcamp.swift */,
				CAF791412A7FDE42001FD09C /* StateBootcamp.swift */,
				CAF791432A7FE36E001FD09C /* ExtractedFunctionBootcamp.swift */,
				CAF791452A7FE826001FD09C /* ExtractSubViewBootcamp.swift */,
				CAB532BF29460137006F3AE4 /* Assets.xcassets */,
				CAB532C129460137006F3AE4 /* Preview Content */,
			);
			path = SwiftUIBootcamp;
			sourceTree = "<group>";
		};
		CAB532C129460137006F3AE4 /* Preview Content */ = {
			isa = PBXGroup;
			children = (
				CAB532C229460137006F3AE4 /* Preview Assets.xcassets */,
			);
			path = "Preview Content";
			sourceTree = "<group>";
		};
/* End PBXGroup section */

/* Begin PBXNativeTarget section */
		CAB532B729460136006F3AE4 /* SwiftUIBootcamp */ = {
			isa = PBXNativeTarget;
			buildConfigurationList = CAB532C629460137006F3AE4 /* Build configuration list for PBXNativeTarget "SwiftUIBootcamp" */;
			buildPhases = (
				CAB532B429460136006F3AE4 /* Sources */,
				CAB532B529460136006F3AE4 /* Frameworks */,
				CAB532B629460136006F3AE4 /* Resources */,
			);
			buildRules = (
			);
			dependencies = (
			);
			name = SwiftUIBootcamp;
			productName = SwiftUIBootcamp;
			productReference = CAB532B829460136006F3AE4 /* SwiftUIBootcamp.app */;
			productType = "com.apple.product-type.application";
		};
/* End PBXNativeTarget section */

/* Begin PBXProject section */
		CAB532B029460136006F3AE4 /* Project object */ = {
			isa = PBXProject;
			attributes = {
				BuildIndependentTargetsInParallel = 1;
				LastSwiftUpdateCheck = 1410;
				LastUpgradeCheck = 1410;
				TargetAttributes = {
					CAB532B729460136006F3AE4 = {
						CreatedOnToolsVersion = 14.1;
					};
				};
			};
			buildConfigurationList = CAB532B329460136006F3AE4 /* Build configuration list for PBXProject "SwiftUIBootcamp" */;
			compatibilityVersion = "Xcode 14.0";
			developmentRegion = en;
			hasScannedForEncodings = 0;
			knownRegions = (
				en,
				Base,
			);
			mainGroup = CAB532AF29460136006F3AE4;
			productRefGroup = CAB532B929460136006F3AE4 /* Products */;
			projectDirPath = "";
			projectRoot = "";
			targets = (
				CAB532B729460136006F3AE4 /* SwiftUIBootcamp */,
			);
		};
/* End PBXProject section */

/* Begin PBXResourcesBuildPhase section */
		CAB532B629460136006F3AE4 /* Resources */ = {
			isa = PBXResourcesBuildPhase;
			buildActionMask = 2147483647;
			files = (
				CAB532C329460137006F3AE4 /* Preview Assets.xcassets in Resources */,
				CAB532C029460137006F3AE4 /* Assets.xcassets in Resources */,
			);
			runOnlyForDeploymentPostprocessing = 0;
		};
/* End PBXResourcesBuildPhase section */

/* Begin PBXSourcesBuildPhase section */
		CAB532B429460136006F3AE4 /* Sources */ = {
			isa = PBXSourcesBuildPhase;
			buildActionMask = 2147483647;
			files = (
				CAF791462A7FE826001FD09C /* ExtractSubViewBootcamp.swift in Sources */,
				CAF791422A7FDE42001FD09C /* StateBootcamp.swift in Sources */,
				CAC55429294636EE006CC533 /* ColorsBootcamp.swift in Sources */,
				CAB532CC29460176006F3AE4 /* ShapeBootcamp.swift in Sources */,
				CAA6ECAB29521DBB002AE753 /* ScrollViewBootcamp.swift in Sources */,
				CAC5543129465097006CC533 /* FrameBootcamp.swift in Sources */,
				CAC5542D2946493B006CC533 /* IconBootcamp.swift in Sources */,
				CAC959E1294F68BE0026DA09 /* InitilizeBootcamp.swift in Sources */,
				CAC959DD294F51DD0026DA09 /* PaddingBootcamp.swift in Sources */,
				CAC959D9294F46530026DA09 /* BackgroundAndOverlay.swift in Sources */,
				CA48F5022A7FD80100DCD896 /* ButtonsBootcamp.swift in Sources */,
				CA48F5002A7FCFC300DCD896 /* SafeAreaBootcamp.swift in Sources */,
				CAB532BE29460136006F3AE4 /* ContentView.swift in Sources */,
				CAC959E3294F88890026DA09 /* ForEachBootcamp.swift in Sources */,
				CAB532BC29460136006F3AE4 /* SwiftUIBootcampApp.swift in Sources */,
				CAC5542B29463BE7006CC533 /* GradientBootcamp.swift in Sources */,
				CAC959DB294F4C5B0026DA09 /* StacksBootcamp.swift in Sources */,
				CAC959DF294F55960026DA09 /* SpacerBootcamp.swift in Sources */,
				CA6EC8702959747E0016CF0A /* GridBootcamp.swift in Sources */,
				CAC5542F29464C9E006CC533 /* ImageBootcamp.swift in Sources */,
				CAB532CA29460151006F3AE4 /* TextBootcamp.swift in Sources */,
				CAF791442A7FE36E001FD09C /* ExtractedFunctionBootcamp.swift in Sources */,
			);
			runOnlyForDeploymentPostprocessing = 0;
		};
/* End PBXSourcesBuildPhase section */

/* Begin XCBuildConfiguration section */
		CAB532C429460137006F3AE4 /* Debug */ = {
			isa = XCBuildConfiguration;
			buildSettings = {
				ALWAYS_SEARCH_USER_PATHS = NO;
				CLANG_ANALYZER_NONNULL = YES;
				CLANG_ANALYZER_NUMBER_OBJECT_CONVERSION = YES_AGGRESSIVE;
				CLANG_CXX_LANGUAGE_STANDARD = "gnu++20";
				CLANG_ENABLE_MODULES = YES;
				CLANG_ENABLE_OBJC_ARC = YES;
				CLANG_ENABLE_OBJC_WEAK = YES;
				CLANG_WARN_BLOCK_CAPTURE_AUTORELEASING = YES;
				CLANG_WARN_BOOL_CONVERSION = YES;
				CLANG_WARN_COMMA = YES;
				CLANG_WARN_CONSTANT_CONVERSION = YES;
				CLANG_WARN_DEPRECATED_OBJC_IMPLEMENTATIONS = YES;
				CLANG_WARN_DIRECT_OBJC_ISA_USAGE = YES_ERROR;
				CLANG_WARN_DOCUMENTATION_COMMENTS = YES;
				CLANG_WARN_EMPTY_BODY = YES;
				CLANG_WARN_ENUM_CONVERSION = YES;
				CLANG_WARN_INFINITE_RECURSION = YES;
				CLANG_WARN_INT_CONVERSION = YES;
				CLANG_WARN_NON_LITERAL_NULL_CONVERSION = YES;
				CLANG_WARN_OBJC_IMPLICIT_RETAIN_SELF = YES;
				CLANG_WARN_OBJC_LITERAL_CONVERSION = YES;
				CLANG_WARN_OBJC_ROOT_CLASS = YES_ERROR;
				CLANG_WARN_QUOTED_INCLUDE_IN_FRAMEWORK_HEADER = YES;
				CLANG_WARN_RANGE_LOOP_ANALYSIS = YES;
				CLANG_WARN_STRICT_PROTOTYPES = YES;
				CLANG_WARN_SUSPICIOUS_MOVE = YES;
				CLANG_WARN_UNGUARDED_AVAILABILITY = YES_AGGRESSIVE;
				CLANG_WARN_UNREACHABLE_CODE = YES;
				CLANG_WARN__DUPLICATE_METHOD_MATCH = YES;
				COPY_PHASE_STRIP = NO;
				DEBUG_INFORMATION_FORMAT = dwarf;
				ENABLE_STRICT_OBJC_MSGSEND = YES;
				ENABLE_TESTABILITY = YES;
				GCC_C_LANGUAGE_STANDARD = gnu11;
				GCC_DYNAMIC_NO_PIC = NO;
				GCC_NO_COMMON_BLOCKS = YES;
				GCC_OPTIMIZATION_LEVEL = 0;
				GCC_PREPROCESSOR_DEFINITIONS = (
					"DEBUG=1",
					"$(inherited)",
				);
				GCC_WARN_64_TO_32_BIT_CONVERSION = YES;
				GCC_WARN_ABOUT_RETURN_TYPE = YES_ERROR;
				GCC_WARN_UNDECLARED_SELECTOR = YES;
				GCC_WARN_UNINITIALIZED_AUTOS = YES_AGGRESSIVE;
				GCC_WARN_UNUSED_FUNCTION = YES;
				GCC_WARN_UNUSED_VARIABLE = YES;
				IPHONEOS_DEPLOYMENT_TARGET = 16.1;
				MTL_ENABLE_DEBUG_INFO = INCLUDE_SOURCE;
				MTL_FAST_MATH = YES;
				ONLY_ACTIVE_ARCH = YES;
				SDKROOT = iphoneos;
				SWIFT_ACTIVE_COMPILATION_CONDITIONS = DEBUG;
				SWIFT_OPTIMIZATION_LEVEL = "-Onone";
			};
			name = Debug;
		};
		CAB532C529460137006F3AE4 /* Release */ = {
			isa = XCBuildConfiguration;
			buildSettings = {
				ALWAYS_SEARCH_USER_PATHS = NO;
				CLANG_ANALYZER_NONNULL = YES;
				CLANG_ANALYZER_NUMBER_OBJECT_CONVERSION = YES_AGGRESSIVE;
				CLANG_CXX_LANGUAGE_STANDARD = "gnu++20";
				CLANG_ENABLE_MODULES = YES;
				CLANG_ENABLE_OBJC_ARC = YES;
				CLANG_ENABLE_OBJC_WEAK = YES;
				CLANG_WARN_BLOCK_CAPTURE_AUTORELEASING = YES;
				CLANG_WARN_BOOL_CONVERSION = YES;
				CLANG_WARN_COMMA = YES;
				CLANG_WARN_CONSTANT_CONVERSION = YES;
				CLANG_WARN_DEPRECATED_OBJC_IMPLEMENTATIONS = YES;
				CLANG_WARN_DIRECT_OBJC_ISA_USAGE = YES_ERROR;
				CLANG_WARN_DOCUMENTATION_COMMENTS = YES;
				CLANG_WARN_EMPTY_BODY = YES;
				CLANG_WARN_ENUM_CONVERSION = YES;
				CLANG_WARN_INFINITE_RECURSION = YES;
				CLANG_WARN_INT_CONVERSION = YES;
				CLANG_WARN_NON_LITERAL_NULL_CONVERSION = YES;
				CLANG_WARN_OBJC_IMPLICIT_RETAIN_SELF = YES;
				CLANG_WARN_OBJC_LITERAL_CONVERSION = YES;
				CLANG_WARN_OBJC_ROOT_CLASS = YES_ERROR;
				CLANG_WARN_QUOTED_INCLUDE_IN_FRAMEWORK_HEADER = YES;
				CLANG_WARN_RANGE_LOOP_ANALYSIS = YES;
				CLANG_WARN_STRICT_PROTOTYPES = YES;
				CLANG_WARN_SUSPICIOUS_MOVE = YES;
				CLANG_WARN_UNGUARDED_AVAILABILITY = YES_AGGRESSIVE;
				CLANG_WARN_UNREACHABLE_CODE = YES;
				CLANG_WARN__DUPLICATE_METHOD_MATCH = YES;
				COPY_PHASE_STRIP = NO;
				DEBUG_INFORMATION_FORMAT = "dwarf-with-dsym";
				ENABLE_NS_ASSERTIONS = NO;
				ENABLE_STRICT_OBJC_MSGSEND = YES;
				GCC_C_LANGUAGE_STANDARD = gnu11;
				GCC_NO_COMMON_BLOCKS = YES;
				GCC_WARN_64_TO_32_BIT_CONVERSION = YES;
				GCC_WARN_ABOUT_RETURN_TYPE = YES_ERROR;
				GCC_WARN_UNDECLARED_SELECTOR = YES;
				GCC_WARN_UNINITIALIZED_AUTOS = YES_AGGRESSIVE;
				GCC_WARN_UNUSED_FUNCTION = YES;
				GCC_WARN_UNUSED_VARIABLE = YES;
				IPHONEOS_DEPLOYMENT_TARGET = 16.1;
				MTL_ENABLE_DEBUG_INFO = NO;
				MTL_FAST_MATH = YES;
				SDKROOT = iphoneos;
				SWIFT_COMPILATION_MODE = wholemodule;
				SWIFT_OPTIMIZATION_LEVEL = "-O";
				VALIDATE_PRODUCT = YES;
			};
			name = Release;
		};
		CAB532C729460137006F3AE4 /* Debug */ = {
			isa = XCBuildConfiguration;
			buildSettings = {
				ASSETCATALOG_COMPILER_APPICON_NAME = AppIcon;
				ASSETCATALOG_COMPILER_GLOBAL_ACCENT_COLOR_NAME = AccentColor;
				CODE_SIGN_STYLE = Automatic;
				CURRENT_PROJECT_VERSION = 1;
				DEVELOPMENT_ASSET_PATHS = "\"SwiftUIBootcamp/Preview Content\"";
				ENABLE_PREVIEWS = YES;
				GENERATE_INFOPLIST_FILE = YES;
				INFOPLIST_KEY_CFBundleDisplayName = Bootcamp;
				INFOPLIST_KEY_UIApplicationSceneManifest_Generation = YES;
				INFOPLIST_KEY_UIApplicationSupportsIndirectInputEvents = YES;
				INFOPLIST_KEY_UILaunchScreen_Generation = YES;
				INFOPLIST_KEY_UISupportedInterfaceOrientations_iPad = "UIInterfaceOrientationPortrait UIInterfaceOrientationPortraitUpsideDown UIInterfaceOrientationLandscapeLeft UIInterfaceOrientationLandscapeRight";
				INFOPLIST_KEY_UISupportedInterfaceOrientations_iPhone = "UIInterfaceOrientationPortrait UIInterfaceOrientationLandscapeLeft UIInterfaceOrientationLandscapeRight";
				IPHONEOS_DEPLOYMENT_TARGET = 14.0;
				LD_RUNPATH_SEARCH_PATHS = (
					"$(inherited)",
					"@executable_path/Frameworks",
				);
				MARKETING_VERSION = 1.0;
				PRODUCT_BUNDLE_IDENTIFIER = com.avishka.SwiftUIBootcamp;
				PRODUCT_NAME = "$(TARGET_NAME)";
				SUPPORTED_PLATFORMS = "iphoneos iphonesimulator";
				SUPPORTS_MACCATALYST = NO;
				SUPPORTS_MAC_DESIGNED_FOR_IPHONE_IPAD = NO;
				SWIFT_EMIT_LOC_STRINGS = YES;
				SWIFT_VERSION = 5.0;
				TARGETED_DEVICE_FAMILY = "1,2";
			};
			name = Debug;
		};
		CAB532C829460137006F3AE4 /* Release */ = {
			isa = XCBuildConfiguration;
			buildSettings = {
				ASSETCATALOG_COMPILER_APPICON_NAME = AppIcon;
				ASSETCATALOG_COMPILER_GLOBAL_ACCENT_COLOR_NAME = AccentColor;
				CODE_SIGN_STYLE = Automatic;
				CURRENT_PROJECT_VERSION = 1;
				DEVELOPMENT_ASSET_PATHS = "\"SwiftUIBootcamp/Preview Content\"";
				ENABLE_PREVIEWS = YES;
				GENERATE_INFOPLIST_FILE = YES;
				INFOPLIST_KEY_CFBundleDisplayName = Bootcamp;
				INFOPLIST_KEY_UIApplicationSceneManifest_Generation = YES;
				INFOPLIST_KEY_UIApplicationSupportsIndirectInputEvents = YES;
				INFOPLIST_KEY_UILaunchScreen_Generation = YES;
				INFOPLIST_KEY_UISupportedInterfaceOrientations_iPad = "UIInterfaceOrientationPortrait UIInterfaceOrientationPortraitUpsideDown UIInterfaceOrientationLandscapeLeft UIInterfaceOrientationLandscapeRight";
				INFOPLIST_KEY_UISupportedInterfaceOrientations_iPhone = "UIInterfaceOrientationPortrait UIInterfaceOrientationLandscapeLeft UIInterfaceOrientationLandscapeRight";
				IPHONEOS_DEPLOYMENT_TARGET = 14.0;
				LD_RUNPATH_SEARCH_PATHS = (
					"$(inherited)",
					"@executable_path/Frameworks",
				);
				MARKETING_VERSION = 1.0;
				PRODUCT_BUNDLE_IDENTIFIER = com.avishka.SwiftUIBootcamp;
				PRODUCT_NAME = "$(TARGET_NAME)";
				SUPPORTED_PLATFORMS = "iphoneos iphonesimulator";
				SUPPORTS_MACCATALYST = NO;
				SUPPORTS_MAC_DESIGNED_FOR_IPHONE_IPAD = NO;
				SWIFT_EMIT_LOC_STRINGS = YES;
				SWIFT_VERSION = 5.0;
				TARGETED_DEVICE_FAMILY = "1,2";
			};
			name = Release;
		};
/* End XCBuildConfiguration section */

/* Begin XCConfigurationList section */
		CAB532B329460136006F3AE4 /* Build configuration list for PBXProject "SwiftUIBootcamp" */ = {
			isa = XCConfigurationList;
			buildConfigurations = (
				CAB532C429460137006F3AE4 /* Debug */,
				CAB532C529460137006F3AE4 /* Release */,
			);
			defaultConfigurationIsVisible = 0;
			defaultConfigurationName = Release;
		};
		CAB532C629460137006F3AE4 /* Build configuration list for PBXNativeTarget "SwiftUIBootcamp" */ = {
			isa = XCConfigurationList;
			buildConfigurations = (
				CAB532C729460137006F3AE4 /* Debug */,
				CAB532C829460137006F3AE4 /* Release */,
			);
			defaultConfigurationIsVisible = 0;
			defaultConfigurationName = Release;
		};
/* End XCConfigurationList section */
	};
	rootObject = CAB532B029460136006F3AE4 /* Project object */;
}
